{
  "name": "js",
  "version": "1.0.0",
  "lockfileVersion": 2,
  "requires": true,
  "packages": {
    "": {
      "name": "js",
      "version": "1.0.0",
      "license": "ISC",
      "dependencies": {
        "zarr": "^0.6.0"
      }
    },
    "node_modules/eventemitter3": {
      "version": "4.0.7",
      "resolved": "https://registry.npmjs.org/eventemitter3/-/eventemitter3-4.0.7.tgz",
      "integrity": "sha512-8guHBZCwKnFhYdHr2ysuRWErTwhoN2X8XELRlrRwpmfeY2jjuUN4taQMsULKUVo1K4DvZl+0pgfyoysHxvmvEw=="
    },
    "node_modules/numcodecs": {
      "version": "0.2.2",
      "resolved": "https://registry.npmjs.org/numcodecs/-/numcodecs-0.2.2.tgz",
      "integrity": "sha512-Y5K8mv80yb4MgVpcElBkUeMZqeE4TrovxRit/dTZvoRl6YkB6WEjY+fiUjGCblITnt3T3fmrDg8yRWu0gOLjhQ==",
      "engines": {
        "node": ">=12"
      }
    },
    "node_modules/p-queue": {
      "version": "7.3.0",
      "resolved": "https://registry.npmjs.org/p-queue/-/p-queue-7.3.0.tgz",
      "integrity": "sha512-5fP+yVQ0qp0rEfZoDTlP2c3RYBgxvRsw30qO+VtPPc95lyvSG+x6USSh1TuLB4n96IO6I8/oXQGsTgtna4q2nQ==",
      "dependencies": {
        "eventemitter3": "^4.0.7",
        "p-timeout": "^5.0.2"
      },
      "engines": {
        "node": ">=12"
      },
      "funding": {
        "url": "https://github.com/sponsors/sindresorhus"
      }
    },
    "node_modules/p-timeout": {
      "version": "5.1.0",
      "resolved": "https://registry.npmjs.org/p-timeout/-/p-timeout-5.1.0.tgz",
      "integrity": "sha512-auFDyzzzGZZZdHz3BtET9VEz0SE/uMEAx7uWfGPucfzEwwe/xH0iVeZibQmANYE/hp9T2+UUZT5m+BKyrDp3Ew==",
      "engines": {
        "node": ">=12"
      },
      "funding": {
        "url": "https://github.com/sponsors/sindresorhus"
      }
    },
    "node_modules/zarr": {
      "version": "0.6.0",
      "resolved": "https://registry.npmjs.org/zarr/-/zarr-0.6.0.tgz",
      "integrity": "sha512-WgGe+aFyK6EmTyZcqJ2OFeFQ9fJFuJqeJgM5sKnbap7HJboaI+rBpDp0rPXSTq5ITu/rLEQjZQ2mPlcfYk7DYA==",
      "dependencies": {
        "numcodecs": "^0.2.2",
        "p-queue": "^7.1.0"
      },
      "engines": {
        "node": ">=12"
      }
    }
  },
  "dependencies": {
    "eventemitter3": {
      "version": "4.0.7",
      "resolved": "https://registry.npmjs.org/eventemitter3/-/eventemitter3-4.0.7.tgz",
      "integrity": "sha512-8guHBZCwKnFhYdHr2ysuRWErTwhoN2X8XELRlrRwpmfeY2jjuUN4taQMsULKUVo1K4DvZl+0pgfyoysHxvmvEw=="
    },
    "numcodecs": {
      "version": "0.2.2",
      "resolved": "https://registry.npmjs.org/numcodecs/-/numcodecs-0.2.2.tgz",
      "integrity": "sha512-Y5K8mv80yb4MgVpcElBkUeMZqeE4TrovxRit/dTZvoRl6YkB6WEjY+fiUjGCblITnt3T3fmrDg8yRWu0gOLjhQ=="
    },
    "p-queue": {
      "version": "7.3.0",
      "resolved": "https://registry.npmjs.org/p-queue/-/p-queue-7.3.0.tgz",
      "integrity": "sha512-5fP+yVQ0qp0rEfZoDTlP2c3RYBgxvRsw30qO+VtPPc95lyvSG+x6USSh1TuLB4n96IO6I8/oXQGsTgtna4q2nQ==",
      "requires": {
        "eventemitter3": "^4.0.7",
        "p-timeout": "^5.0.2"
      }
    },
    "p-timeout": {
      "version": "5.1.0",
      "resolved": "https://registry.npmjs.org/p-timeout/-/p-timeout-5.1.0.tgz",
      "integrity": "sha512-auFDyzzzGZZZdHz3BtET9VEz0SE/uMEAx7uWfGPucfzEwwe/xH0iVeZibQmANYE/hp9T2+UUZT5m+BKyrDp3Ew=="
    },
    "zarr": {
      "version": "0.6.0",
      "resolved": "https://registry.npmjs.org/zarr/-/zarr-0.6.0.tgz",
      "integrity": "sha512-WgGe+aFyK6EmTyZcqJ2OFeFQ9fJFuJqeJgM5sKnbap7HJboaI+rBpDp0rPXSTq5ITu/rLEQjZQ2mPlcfYk7DYA==",
      "requires": {
        "numcodecs": "^0.2.2",
        "p-queue": "^7.1.0"
      }
    }
  }
}
